// !$*UTF8*$!
{
	archiveVersion = 1;
	classes = {
	};
	objectVersion = 46;
	objects = {

/* Begin PBXBuildFile section */
		02BCC3D338E91DF6B4B9D0C4 /* Pods_Kairos.framework in Frameworks */ = {isa = PBXBuildFile; fileRef = 891B3D3758254966C5795AD6 /* Pods_Kairos.framework */; };
		98791111F3D5ABE716D7CEBC /* Pods_KairosTests.framework in Frameworks */ = {isa = PBXBuildFile; fileRef = 5B0802436C7BB371DCC55F67 /* Pods_KairosTests.framework */; };
		CC52CEDA77BE342C08D9D4F0 /* Pods_KairosUITests.framework in Frameworks */ = {isa = PBXBuildFile; fileRef = 4B22D7ECB0EB86141717B734 /* Pods_KairosUITests.framework */; };
		DB1A13A81DD0386500C30C1F /* YearCell.swift in Sources */ = {isa = PBXBuildFile; fileRef = DB1A13A71DD0386500C30C1F /* YearCell.swift */; };
		DB46A2791DD470DC0064D0C2 /* AudioInterface.swift in Sources */ = {isa = PBXBuildFile; fileRef = DB46A2781DD470DB0064D0C2 /* AudioInterface.swift */; };
		DB46A27B1DD59EAB0064D0C2 /* GoogleService-Info.plist in Resources */ = {isa = PBXBuildFile; fileRef = DB46A27A1DD59EAB0064D0C2 /* GoogleService-Info.plist */; };
		DB587B5E1DA80467005D61BB /* AppDelegate.swift in Sources */ = {isa = PBXBuildFile; fileRef = DB587B5D1DA80467005D61BB /* AppDelegate.swift */; };
		DB587B601DA80467005D61BB /* LoginController.swift in Sources */ = {isa = PBXBuildFile; fileRef = DB587B5F1DA80467005D61BB /* LoginController.swift */; };
		DB587B651DA80467005D61BB /* Assets.xcassets in Resources */ = {isa = PBXBuildFile; fileRef = DB587B641DA80467005D61BB /* Assets.xcassets */; };
		DB587B681DA80467005D61BB /* LaunchScreen.storyboard in Resources */ = {isa = PBXBuildFile; fileRef = DB587B661DA80467005D61BB /* LaunchScreen.storyboard */; };
		DB587B731DA80468005D61BB /* KairosTests.swift in Sources */ = {isa = PBXBuildFile; fileRef = DB587B721DA80468005D61BB /* KairosTests.swift */; };
		DB587B7E1DA80468005D61BB /* KairosUITests.swift in Sources */ = {isa = PBXBuildFile; fileRef = DB587B7D1DA80468005D61BB /* KairosUITests.swift */; };
		DB65079C1DE8F03D0032370A /* SettingsController.swift in Sources */ = {isa = PBXBuildFile; fileRef = DB65079B1DE8F03B0032370A /* SettingsController.swift */; };
		DB89A3701DB9DBFA00FEF7F3 /* MonthHeader.xib in Resources */ = {isa = PBXBuildFile; fileRef = DB89A36F1DB9DBFA00FEF7F3 /* MonthHeader.xib */; };
		DB89A3721DB9DD2B00FEF7F3 /* MonthHeader.swift in Sources */ = {isa = PBXBuildFile; fileRef = DB89A3711DB9DD2B00FEF7F3 /* MonthHeader.swift */; };
		DB9F4A9B1DB992FA00B1D2D9 /* CellView.swift in Sources */ = {isa = PBXBuildFile; fileRef = DB9F4A9A1DB992FA00B1D2D9 /* CellView.swift */; };
		DB9F4A9D1DB9A46900B1D2D9 /* CellView.xib in Resources */ = {isa = PBXBuildFile; fileRef = DB9F4A9C1DB9A46900B1D2D9 /* CellView.xib */; };
		DBCE5C811DB6E1CA00580F67 /* Main.storyboard in Resources */ = {isa = PBXBuildFile; fileRef = DBCE5C801DB6E1CA00580F67 /* Main.storyboard */; };
		DBCE5C831DB6E24F00580F67 /* MonthController.swift in Sources */ = {isa = PBXBuildFile; fileRef = DBCE5C821DB6E24F00580F67 /* MonthController.swift */; };
		DBCE5C851DB6E95500580F67 /* YearController.swift in Sources */ = {isa = PBXBuildFile; fileRef = DBCE5C841DB6E95500580F67 /* YearController.swift */; };
		DBECA46C1DB1BAB50006C287 /* DayViewController.swift in Sources */ = {isa = PBXBuildFile; fileRef = DBECA46B1DB1BAB40006C287 /* DayViewController.swift */; };
		DBECA46E1DB1BF8F0006C287 /* NavigationController.swift in Sources */ = {isa = PBXBuildFile; fileRef = DBECA46D1DB1BF8E0006C287 /* NavigationController.swift */; };
/* End PBXBuildFile section */

/* Begin PBXContainerItemProxy section */
		DB587B6F1DA80468005D61BB /* PBXContainerItemProxy */ = {
			isa = PBXContainerItemProxy;
			containerPortal = DB587B521DA80467005D61BB /* Project object */;
			proxyType = 1;
			remoteGlobalIDString = DB587B591DA80467005D61BB;
			remoteInfo = Kairos;
		};
		DB587B7A1DA80468005D61BB /* PBXContainerItemProxy */ = {
			isa = PBXContainerItemProxy;
			containerPortal = DB587B521DA80467005D61BB /* Project object */;
			proxyType = 1;
			remoteGlobalIDString = DB587B591DA80467005D61BB;
			remoteInfo = Kairos;
		};
/* End PBXContainerItemProxy section */

/* Begin PBXFileReference section */
		2EF655D122E05DE7534EC440 /* Pods-KairosUITests.release.xcconfig */ = {isa = PBXFileReference; includeInIndex = 1; lastKnownFileType = text.xcconfig; name = "Pods-KairosUITests.release.xcconfig"; path = "Pods/Target Support Files/Pods-KairosUITests/Pods-KairosUITests.release.xcconfig"; sourceTree = "<group>"; };
		4B22D7ECB0EB86141717B734 /* Pods_KairosUITests.framework */ = {isa = PBXFileReference; explicitFileType = wrapper.framework; includeInIndex = 0; path = Pods_KairosUITests.framework; sourceTree = BUILT_PRODUCTS_DIR; };
		5B0802436C7BB371DCC55F67 /* Pods_KairosTests.framework */ = {isa = PBXFileReference; explicitFileType = wrapper.framework; includeInIndex = 0; path = Pods_KairosTests.framework; sourceTree = BUILT_PRODUCTS_DIR; };
		734855121C465C9EC72F85F4 /* Pods-Kairos.release.xcconfig */ = {isa = PBXFileReference; includeInIndex = 1; lastKnownFileType = text.xcconfig; name = "Pods-Kairos.release.xcconfig"; path = "Pods/Target Support Files/Pods-Kairos/Pods-Kairos.release.xcconfig"; sourceTree = "<group>"; };
		73B376823AE0F518FC7DD51E /* Pods-KairosTests.debug.xcconfig */ = {isa = PBXFileReference; includeInIndex = 1; lastKnownFileType = text.xcconfig; name = "Pods-KairosTests.debug.xcconfig"; path = "Pods/Target Support Files/Pods-KairosTests/Pods-KairosTests.debug.xcconfig"; sourceTree = "<group>"; };
		891B3D3758254966C5795AD6 /* Pods_Kairos.framework */ = {isa = PBXFileReference; explicitFileType = wrapper.framework; includeInIndex = 0; path = Pods_Kairos.framework; sourceTree = BUILT_PRODUCTS_DIR; };
		A36B5CFD6F9653800715DAF5 /* Pods-Kairos.debug.xcconfig */ = {isa = PBXFileReference; includeInIndex = 1; lastKnownFileType = text.xcconfig; name = "Pods-Kairos.debug.xcconfig"; path = "Pods/Target Support Files/Pods-Kairos/Pods-Kairos.debug.xcconfig"; sourceTree = "<group>"; };
		C415490AB308A2172A78B3FB /* Pods-KairosUITests.debug.xcconfig */ = {isa = PBXFileReference; includeInIndex = 1; lastKnownFileType = text.xcconfig; name = "Pods-KairosUITests.debug.xcconfig"; path = "Pods/Target Support Files/Pods-KairosUITests/Pods-KairosUITests.debug.xcconfig"; sourceTree = "<group>"; };
		DB1A13A71DD0386500C30C1F /* YearCell.swift */ = {isa = PBXFileReference; fileEncoding = 4; lastKnownFileType = sourcecode.swift; path = YearCell.swift; sourceTree = "<group>"; };
		DB46A2781DD470DB0064D0C2 /* AudioInterface.swift */ = {isa = PBXFileReference; fileEncoding = 4; lastKnownFileType = sourcecode.swift; path = AudioInterface.swift; sourceTree = "<group>"; };
		DB46A27A1DD59EAB0064D0C2 /* GoogleService-Info.plist */ = {isa = PBXFileReference; fileEncoding = 4; lastKnownFileType = text.plist.xml; path = "GoogleService-Info.plist"; sourceTree = "<group>"; };
		DB587B5A1DA80467005D61BB /* Kairos.app */ = {isa = PBXFileReference; explicitFileType = wrapper.application; includeInIndex = 0; path = Kairos.app; sourceTree = BUILT_PRODUCTS_DIR; };
		DB587B5D1DA80467005D61BB /* AppDelegate.swift */ = {isa = PBXFileReference; lastKnownFileType = sourcecode.swift; path = AppDelegate.swift; sourceTree = "<group>"; };
		DB587B5F1DA80467005D61BB /* LoginController.swift */ = {isa = PBXFileReference; lastKnownFileType = sourcecode.swift; path = LoginController.swift; sourceTree = "<group>"; };
		DB587B641DA80467005D61BB /* Assets.xcassets */ = {isa = PBXFileReference; lastKnownFileType = folder.assetcatalog; path = Assets.xcassets; sourceTree = "<group>"; };
		DB587B671DA80467005D61BB /* Base */ = {isa = PBXFileReference; lastKnownFileType = file.storyboard; name = Base; path = Base.lproj/LaunchScreen.storyboard; sourceTree = "<group>"; };
		DB587B691DA80467005D61BB /* Info.plist */ = {isa = PBXFileReference; lastKnownFileType = text.plist.xml; path = Info.plist; sourceTree = "<group>"; };
		DB587B6E1DA80468005D61BB /* KairosTests.xctest */ = {isa = PBXFileReference; explicitFileType = wrapper.cfbundle; includeInIndex = 0; path = KairosTests.xctest; sourceTree = BUILT_PRODUCTS_DIR; };
		DB587B721DA80468005D61BB /* KairosTests.swift */ = {isa = PBXFileReference; lastKnownFileType = sourcecode.swift; path = KairosTests.swift; sourceTree = "<group>"; };
		DB587B741DA80468005D61BB /* Info.plist */ = {isa = PBXFileReference; lastKnownFileType = text.plist.xml; path = Info.plist; sourceTree = "<group>"; };
		DB587B791DA80468005D61BB /* KairosUITests.xctest */ = {isa = PBXFileReference; explicitFileType = wrapper.cfbundle; includeInIndex = 0; path = KairosUITests.xctest; sourceTree = BUILT_PRODUCTS_DIR; };
		DB587B7D1DA80468005D61BB /* KairosUITests.swift */ = {isa = PBXFileReference; lastKnownFileType = sourcecode.swift; path = KairosUITests.swift; sourceTree = "<group>"; };
		DB587B7F1DA80468005D61BB /* Info.plist */ = {isa = PBXFileReference; lastKnownFileType = text.plist.xml; path = Info.plist; sourceTree = "<group>"; };
		DB5EB4131DAF030300959DAC /* BridgingHeader.h */ = {isa = PBXFileReference; lastKnownFileType = sourcecode.c.h; path = BridgingHeader.h; sourceTree = "<group>"; };
		DB65079B1DE8F03B0032370A /* SettingsController.swift */ = {isa = PBXFileReference; fileEncoding = 4; lastKnownFileType = sourcecode.swift; path = SettingsController.swift; sourceTree = "<group>"; };
		DB89A36F1DB9DBFA00FEF7F3 /* MonthHeader.xib */ = {isa = PBXFileReference; fileEncoding = 4; lastKnownFileType = file.xib; path = MonthHeader.xib; sourceTree = "<group>"; };
		DB89A3711DB9DD2B00FEF7F3 /* MonthHeader.swift */ = {isa = PBXFileReference; fileEncoding = 4; lastKnownFileType = sourcecode.swift; path = MonthHeader.swift; sourceTree = "<group>"; };
		DB9F4A9A1DB992FA00B1D2D9 /* CellView.swift */ = {isa = PBXFileReference; fileEncoding = 4; lastKnownFileType = sourcecode.swift; path = CellView.swift; sourceTree = "<group>"; };
		DB9F4A9C1DB9A46900B1D2D9 /* CellView.xib */ = {isa = PBXFileReference; fileEncoding = 4; lastKnownFileType = file.xib; path = CellView.xib; sourceTree = "<group>"; };
		DBCE5C801DB6E1CA00580F67 /* Main.storyboard */ = {isa = PBXFileReference; fileEncoding = 4; lastKnownFileType = file.storyboard; path = Main.storyboard; sourceTree = "<group>"; };
		DBCE5C821DB6E24F00580F67 /* MonthController.swift */ = {isa = PBXFileReference; fileEncoding = 4; lastKnownFileType = sourcecode.swift; path = MonthController.swift; sourceTree = "<group>"; };
		DBCE5C841DB6E95500580F67 /* YearController.swift */ = {isa = PBXFileReference; fileEncoding = 4; lastKnownFileType = sourcecode.swift; path = YearController.swift; sourceTree = "<group>"; };
		DBECA46B1DB1BAB40006C287 /* DayViewController.swift */ = {isa = PBXFileReference; fileEncoding = 4; lastKnownFileType = sourcecode.swift; path = DayViewController.swift; sourceTree = "<group>"; };
		DBECA46D1DB1BF8E0006C287 /* NavigationController.swift */ = {isa = PBXFileReference; fileEncoding = 4; lastKnownFileType = sourcecode.swift; path = NavigationController.swift; sourceTree = "<group>"; };
		F69A90852899038A1CCDB204 /* Pods-KairosTests.release.xcconfig */ = {isa = PBXFileReference; includeInIndex = 1; lastKnownFileType = text.xcconfig; name = "Pods-KairosTests.release.xcconfig"; path = "Pods/Target Support Files/Pods-KairosTests/Pods-KairosTests.release.xcconfig"; sourceTree = "<group>"; };
/* End PBXFileReference section */

/* Begin PBXFrameworksBuildPhase section */
		DB587B571DA80467005D61BB /* Frameworks */ = {
			isa = PBXFrameworksBuildPhase;
			buildActionMask = 2147483647;
			files = (
				02BCC3D338E91DF6B4B9D0C4 /* Pods_Kairos.framework in Frameworks */,
			);
			runOnlyForDeploymentPostprocessing = 0;
		};
		DB587B6B1DA80468005D61BB /* Frameworks */ = {
			isa = PBXFrameworksBuildPhase;
			buildActionMask = 2147483647;
			files = (
				98791111F3D5ABE716D7CEBC /* Pods_KairosTests.framework in Frameworks */,
			);
			runOnlyForDeploymentPostprocessing = 0;
		};
		DB587B761DA80468005D61BB /* Frameworks */ = {
			isa = PBXFrameworksBuildPhase;
			buildActionMask = 2147483647;
			files = (
				CC52CEDA77BE342C08D9D4F0 /* Pods_KairosUITests.framework in Frameworks */,
			);
			runOnlyForDeploymentPostprocessing = 0;
		};
/* End PBXFrameworksBuildPhase section */

/* Begin PBXGroup section */
		26BE794BB29E21B842B551DC /* Pods */ = {
			isa = PBXGroup;
			children = (
				A36B5CFD6F9653800715DAF5 /* Pods-Kairos.debug.xcconfig */,
				734855121C465C9EC72F85F4 /* Pods-Kairos.release.xcconfig */,
				73B376823AE0F518FC7DD51E /* Pods-KairosTests.debug.xcconfig */,
				F69A90852899038A1CCDB204 /* Pods-KairosTests.release.xcconfig */,
				C415490AB308A2172A78B3FB /* Pods-KairosUITests.debug.xcconfig */,
				2EF655D122E05DE7534EC440 /* Pods-KairosUITests.release.xcconfig */,
			);
			name = Pods;
			sourceTree = "<group>";
		};
		A7269E1AFA60051C663E5FB5 /* Frameworks */ = {
			isa = PBXGroup;
			children = (
				891B3D3758254966C5795AD6 /* Pods_Kairos.framework */,
				5B0802436C7BB371DCC55F67 /* Pods_KairosTests.framework */,
				4B22D7ECB0EB86141717B734 /* Pods_KairosUITests.framework */,
			);
			name = Frameworks;
			sourceTree = "<group>";
		};
		DB587B511DA80467005D61BB = {
			isa = PBXGroup;
			children = (
				DB587B5C1DA80467005D61BB /* Kairos */,
				DB587B711DA80468005D61BB /* KairosTests */,
				DB587B7C1DA80468005D61BB /* KairosUITests */,
				DB587B5B1DA80467005D61BB /* Products */,
				26BE794BB29E21B842B551DC /* Pods */,
				A7269E1AFA60051C663E5FB5 /* Frameworks */,
			);
			sourceTree = "<group>";
		};
		DB587B5B1DA80467005D61BB /* Products */ = {
			isa = PBXGroup;
			children = (
				DB587B5A1DA80467005D61BB /* Kairos.app */,
				DB587B6E1DA80468005D61BB /* KairosTests.xctest */,
				DB587B791DA80468005D61BB /* KairosUITests.xctest */,
			);
			name = Products;
			sourceTree = "<group>";
		};
		DB587B5C1DA80467005D61BB /* Kairos */ = {
			isa = PBXGroup;
			children = (
				DB587B5D1DA80467005D61BB /* AppDelegate.swift */,
				DB89A3711DB9DD2B00FEF7F3 /* MonthHeader.swift */,
				DB587B5F1DA80467005D61BB /* LoginController.swift */,
				DBCE5C801DB6E1CA00580F67 /* Main.storyboard */,
				DB65079B1DE8F03B0032370A /* SettingsController.swift */,
				DB46A2781DD470DB0064D0C2 /* AudioInterface.swift */,
				DB1A13A71DD0386500C30C1F /* YearCell.swift */,
				DB9F4A9C1DB9A46900B1D2D9 /* CellView.xib */,
				DB89A36F1DB9DBFA00FEF7F3 /* MonthHeader.xib */,
				DB9F4A9A1DB992FA00B1D2D9 /* CellView.swift */,
				DBCE5C841DB6E95500580F67 /* YearController.swift */,
				DBCE5C821DB6E24F00580F67 /* MonthController.swift */,
				DBECA46D1DB1BF8E0006C287 /* NavigationController.swift */,
				DBECA46B1DB1BAB40006C287 /* DayViewController.swift */,
				DB587B641DA80467005D61BB /* Assets.xcassets */,
				DB587B661DA80467005D61BB /* LaunchScreen.storyboard */,
				DB587B691DA80467005D61BB /* Info.plist */,
				DB46A27A1DD59EAB0064D0C2 /* GoogleService-Info.plist */,
				DB5EB4131DAF030300959DAC /* BridgingHeader.h */,
			);
			path = Kairos;
			sourceTree = "<group>";
		};
		DB587B711DA80468005D61BB /* KairosTests */ = {
			isa = PBXGroup;
			children = (
				DB587B721DA80468005D61BB /* KairosTests.swift */,
				DB587B741DA80468005D61BB /* Info.plist */,
			);
			path = KairosTests;
			sourceTree = "<group>";
		};
		DB587B7C1DA80468005D61BB /* KairosUITests */ = {
			isa = PBXGroup;
			children = (
				DB587B7D1DA80468005D61BB /* KairosUITests.swift */,
				DB587B7F1DA80468005D61BB /* Info.plist */,
			);
			path = KairosUITests;
			sourceTree = "<group>";
		};
/* End PBXGroup section */

/* Begin PBXNativeTarget section */
		DB587B591DA80467005D61BB /* Kairos */ = {
			isa = PBXNativeTarget;
			buildConfigurationList = DB587B821DA80468005D61BB /* Build configuration list for PBXNativeTarget "Kairos" */;
			buildPhases = (
				FF3285F35EA9DE1E6C737C33 /* [CP] Check Pods Manifest.lock */,
				DB587B561DA80467005D61BB /* Sources */,
				DB587B571DA80467005D61BB /* Frameworks */,
				DB587B581DA80467005D61BB /* Resources */,
				40C9245C6DDE84DF71B82831 /* [CP] Embed Pods Frameworks */,
				EFBE4A8A3E2ED82DCEE801A0 /* [CP] Copy Pods Resources */,
			);
			buildRules = (
			);
			dependencies = (
			);
			name = Kairos;
			productName = Kairos;
			productReference = DB587B5A1DA80467005D61BB /* Kairos.app */;
			productType = "com.apple.product-type.application";
		};
		DB587B6D1DA80468005D61BB /* KairosTests */ = {
			isa = PBXNativeTarget;
			buildConfigurationList = DB587B851DA80468005D61BB /* Build configuration list for PBXNativeTarget "KairosTests" */;
			buildPhases = (
				DB82167EC51B021A261E5810 /* [CP] Check Pods Manifest.lock */,
				DB587B6A1DA80468005D61BB /* Sources */,
				DB587B6B1DA80468005D61BB /* Frameworks */,
				DB587B6C1DA80468005D61BB /* Resources */,
				87C109B1AD0CF06645074AE2 /* [CP] Embed Pods Frameworks */,
				06DEAC47A61524EEFC721564 /* [CP] Copy Pods Resources */,
			);
			buildRules = (
			);
			dependencies = (
				DB587B701DA80468005D61BB /* PBXTargetDependency */,
			);
			name = KairosTests;
			productName = KairosTests;
			productReference = DB587B6E1DA80468005D61BB /* KairosTests.xctest */;
			productType = "com.apple.product-type.bundle.unit-test";
		};
		DB587B781DA80468005D61BB /* KairosUITests */ = {
			isa = PBXNativeTarget;
			buildConfigurationList = DB587B881DA80468005D61BB /* Build configuration list for PBXNativeTarget "KairosUITests" */;
			buildPhases = (
				FA2FDD7C65A278A5F59F4A7D /* [CP] Check Pods Manifest.lock */,
				DB587B751DA80468005D61BB /* Sources */,
				DB587B761DA80468005D61BB /* Frameworks */,
				DB587B771DA80468005D61BB /* Resources */,
				AC403670DB14DE096E879BCB /* [CP] Copy Pods Resources */,
			);
			buildRules = (
			);
			dependencies = (
				DB587B7B1DA80468005D61BB /* PBXTargetDependency */,
			);
			name = KairosUITests;
			productName = KairosUITests;
			productReference = DB587B791DA80468005D61BB /* KairosUITests.xctest */;
			productType = "com.apple.product-type.bundle.ui-testing";
		};
/* End PBXNativeTarget section */

/* Begin PBXProject section */
		DB587B521DA80467005D61BB /* Project object */ = {
			isa = PBXProject;
			attributes = {
				LastUpgradeCheck = 0700;
				ORGANIZATIONNAME = BDP;
				TargetAttributes = {
					DB587B591DA80467005D61BB = {
						CreatedOnToolsVersion = 7.0;
						DevelopmentTeam = 23BHDPQ4LF;
						LastSwiftMigration = 0800;
						ProvisioningStyle = Automatic;
					};
					DB587B6D1DA80468005D61BB = {
						CreatedOnToolsVersion = 7.0;
						DevelopmentTeam = 23BHDPQ4LF;
						LastSwiftMigration = 0800;
						ProvisioningStyle = Automatic;
						TestTargetID = DB587B591DA80467005D61BB;
					};
					DB587B781DA80468005D61BB = {
						CreatedOnToolsVersion = 7.0;
						DevelopmentTeam = 23BHDPQ4LF;
						LastSwiftMigration = 0800;
						ProvisioningStyle = Automatic;
						TestTargetID = DB587B591DA80467005D61BB;
					};
				};
			};
			buildConfigurationList = DB587B551DA80467005D61BB /* Build configuration list for PBXProject "Kairos" */;
			compatibilityVersion = "Xcode 3.2";
			developmentRegion = English;
			hasScannedForEncodings = 0;
			knownRegions = (
				en,
				Base,
			);
			mainGroup = DB587B511DA80467005D61BB;
			productRefGroup = DB587B5B1DA80467005D61BB /* Products */;
			projectDirPath = "";
			projectRoot = "";
			targets = (
				DB587B591DA80467005D61BB /* Kairos */,
				DB587B6D1DA80468005D61BB /* KairosTests */,
				DB587B781DA80468005D61BB /* KairosUITests */,
			);
		};
/* End PBXProject section */

/* Begin PBXResourcesBuildPhase section */
		DB587B581DA80467005D61BB /* Resources */ = {
			isa = PBXResourcesBuildPhase;
			buildActionMask = 2147483647;
			files = (
				DB9F4A9D1DB9A46900B1D2D9 /* CellView.xib in Resources */,
				DB587B681DA80467005D61BB /* LaunchScreen.storyboard in Resources */,
				DB587B651DA80467005D61BB /* Assets.xcassets in Resources */,
				DBCE5C811DB6E1CA00580F67 /* Main.storyboard in Resources */,
				DB89A3701DB9DBFA00FEF7F3 /* MonthHeader.xib in Resources */,
				DB46A27B1DD59EAB0064D0C2 /* GoogleService-Info.plist in Resources */,
			);
			runOnlyForDeploymentPostprocessing = 0;
		};
		DB587B6C1DA80468005D61BB /* Resources */ = {
			isa = PBXResourcesBuildPhase;
			buildActionMask = 2147483647;
			files = (
			);
			runOnlyForDeploymentPostprocessing = 0;
		};
		DB587B771DA80468005D61BB /* Resources */ = {
			isa = PBXResourcesBuildPhase;
			buildActionMask = 2147483647;
			files = (
			);
			runOnlyForDeploymentPostprocessing = 0;
		};
/* End PBXResourcesBuildPhase section */

/* Begin PBXShellScriptBuildPhase section */
		06DEAC47A61524EEFC721564 /* [CP] Copy Pods Resources */ = {
			isa = PBXShellScriptBuildPhase;
			buildActionMask = 2147483647;
			files = (
			);
			inputPaths = (
			);
			name = "[CP] Copy Pods Resources";
			outputPaths = (
			);
			runOnlyForDeploymentPostprocessing = 0;
			shellPath = /bin/sh;
			shellScript = "\"${SRCROOT}/Pods/Target Support Files/Pods-KairosTests/Pods-KairosTests-resources.sh\"\n";
			showEnvVarsInLog = 0;
		};
		40C9245C6DDE84DF71B82831 /* [CP] Embed Pods Frameworks */ = {
			isa = PBXShellScriptBuildPhase;
			buildActionMask = 2147483647;
			files = (
			);
			inputPaths = (
			);
			name = "[CP] Embed Pods Frameworks";
			outputPaths = (
			);
			runOnlyForDeploymentPostprocessing = 0;
			shellPath = /bin/sh;
			shellScript = "\"${SRCROOT}/Pods/Target Support Files/Pods-Kairos/Pods-Kairos-frameworks.sh\"\n";
			showEnvVarsInLog = 0;
		};
		87C109B1AD0CF06645074AE2 /* [CP] Embed Pods Frameworks */ = {
			isa = PBXShellScriptBuildPhase;
			buildActionMask = 2147483647;
			files = (
			);
			inputPaths = (
			);
			name = "[CP] Embed Pods Frameworks";
			outputPaths = (
			);
			runOnlyForDeploymentPostprocessing = 0;
			shellPath = /bin/sh;
			shellScript = "\"${SRCROOT}/Pods/Target Support Files/Pods-KairosTests/Pods-KairosTests-frameworks.sh\"\n";
			showEnvVarsInLog = 0;
		};
		AC403670DB14DE096E879BCB /* [CP] Copy Pods Resources */ = {
			isa = PBXShellScriptBuildPhase;
			buildActionMask = 2147483647;
			files = (
			);
			inputPaths = (
			);
			name = "[CP] Copy Pods Resources";
			outputPaths = (
			);
			runOnlyForDeploymentPostprocessing = 0;
			shellPath = /bin/sh;
			shellScript = "\"${SRCROOT}/Pods/Target Support Files/Pods-KairosUITests/Pods-KairosUITests-resources.sh\"\n";
			showEnvVarsInLog = 0;
		};
		DB82167EC51B021A261E5810 /* [CP] Check Pods Manifest.lock */ = {
			isa = PBXShellScriptBuildPhase;
			buildActionMask = 2147483647;
			files = (
			);
			inputPaths = (
			);
			name = "[CP] Check Pods Manifest.lock";
			outputPaths = (
			);
			runOnlyForDeploymentPostprocessing = 0;
			shellPath = /bin/sh;
			shellScript = "diff \"${PODS_ROOT}/../Podfile.lock\" \"${PODS_ROOT}/Manifest.lock\" > /dev/null\nif [[ $? != 0 ]] ; then\n    cat << EOM\nerror: The sandbox is not in sync with the Podfile.lock. Run 'pod install' or update your CocoaPods installation.\nEOM\n    exit 1\nfi\n";
			showEnvVarsInLog = 0;
		};
		EFBE4A8A3E2ED82DCEE801A0 /* [CP] Copy Pods Resources */ = {
			isa = PBXShellScriptBuildPhase;
			buildActionMask = 2147483647;
			files = (
			);
			inputPaths = (
			);
			name = "[CP] Copy Pods Resources";
			outputPaths = (
			);
			runOnlyForDeploymentPostprocessing = 0;
			shellPath = /bin/sh;
			shellScript = "\"${SRCROOT}/Pods/Target Support Files/Pods-Kairos/Pods-Kairos-resources.sh\"\n";
			showEnvVarsInLog = 0;
		};
		FA2FDD7C65A278A5F59F4A7D /* [CP] Check Pods Manifest.lock */ = {
			isa = PBXShellScriptBuildPhase;
			buildActionMask = 2147483647;
			files = (
			);
			inputPaths = (
			);
			name = "[CP] Check Pods Manifest.lock";
			outputPaths = (
			);
			runOnlyForDeploymentPostprocessing = 0;
			shellPath = /bin/sh;
			shellScript = "diff \"${PODS_ROOT}/../Podfile.lock\" \"${PODS_ROOT}/Manifest.lock\" > /dev/null\nif [[ $? != 0 ]] ; then\n    cat << EOM\nerror: The sandbox is not in sync with the Podfile.lock. Run 'pod install' or update your CocoaPods installation.\nEOM\n    exit 1\nfi\n";
			showEnvVarsInLog = 0;
		};
		FF3285F35EA9DE1E6C737C33 /* [CP] Check Pods Manifest.lock */ = {
			isa = PBXShellScriptBuildPhase;
			buildActionMask = 2147483647;
			files = (
			);
			inputPaths = (
			);
			name = "[CP] Check Pods Manifest.lock";
			outputPaths = (
			);
			runOnlyForDeploymentPostprocessing = 0;
			shellPath = /bin/sh;
			shellScript = "diff \"${PODS_ROOT}/../Podfile.lock\" \"${PODS_ROOT}/Manifest.lock\" > /dev/null\nif [[ $? != 0 ]] ; then\n    cat << EOM\nerror: The sandbox is not in sync with the Podfile.lock. Run 'pod install' or update your CocoaPods installation.\nEOM\n    exit 1\nfi\n";
			showEnvVarsInLog = 0;
		};
/* End PBXShellScriptBuildPhase section */

/* Begin PBXSourcesBuildPhase section */
		DB587B561DA80467005D61BB /* Sources */ = {
			isa = PBXSourcesBuildPhase;
			buildActionMask = 2147483647;
			files = (
				DB46A2791DD470DC0064D0C2 /* AudioInterface.swift in Sources */,
				DB587B601DA80467005D61BB /* LoginController.swift in Sources */,
				DBCE5C831DB6E24F00580F67 /* MonthController.swift in Sources */,
				DB1A13A81DD0386500C30C1F /* YearCell.swift in Sources */,
				DBCE5C851DB6E95500580F67 /* YearController.swift in Sources */,
				DB65079C1DE8F03D0032370A /* SettingsController.swift in Sources */,
				DB89A3721DB9DD2B00FEF7F3 /* MonthHeader.swift in Sources */,
				DBECA46E1DB1BF8F0006C287 /* NavigationController.swift in Sources */,
				DB587B5E1DA80467005D61BB /* AppDelegate.swift in Sources */,
				DBECA46C1DB1BAB50006C287 /* DayViewController.swift in Sources */,
				DB9F4A9B1DB992FA00B1D2D9 /* CellView.swift in Sources */,
			);
			runOnlyForDeploymentPostprocessing = 0;
		};
		DB587B6A1DA80468005D61BB /* Sources */ = {
			isa = PBXSourcesBuildPhase;
			buildActionMask = 2147483647;
			files = (
				DB587B731DA80468005D61BB /* KairosTests.swift in Sources */,
			);
			runOnlyForDeploymentPostprocessing = 0;
		};
		DB587B751DA80468005D61BB /* Sources */ = {
			isa = PBXSourcesBuildPhase;
			buildActionMask = 2147483647;
			files = (
				DB587B7E1DA80468005D61BB /* KairosUITests.swift in Sources */,
			);
			runOnlyForDeploymentPostprocessing = 0;
		};
/* End PBXSourcesBuildPhase section */

/* Begin PBXTargetDependency section */
		DB587B701DA80468005D61BB /* PBXTargetDependency */ = {
			isa = PBXTargetDependency;
			target = DB587B591DA80467005D61BB /* Kairos */;
			targetProxy = DB587B6F1DA80468005D61BB /* PBXContainerItemProxy */;
		};
		DB587B7B1DA80468005D61BB /* PBXTargetDependency */ = {
			isa = PBXTargetDependency;
			target = DB587B591DA80467005D61BB /* Kairos */;
			targetProxy = DB587B7A1DA80468005D61BB /* PBXContainerItemProxy */;
		};
/* End PBXTargetDependency section */

/* Begin PBXVariantGroup section */
		DB587B661DA80467005D61BB /* LaunchScreen.storyboard */ = {
			isa = PBXVariantGroup;
			children = (
				DB587B671DA80467005D61BB /* Base */,
			);
			name = LaunchScreen.storyboard;
			sourceTree = "<group>";
		};
/* End PBXVariantGroup section */

/* Begin XCBuildConfiguration section */
		DB587B801DA80468005D61BB /* Debug */ = {
			isa = XCBuildConfiguration;
			buildSettings = {
				ALWAYS_SEARCH_USER_PATHS = NO;
				CLANG_CXX_LANGUAGE_STANDARD = "gnu++0x";
				CLANG_CXX_LIBRARY = "libc++";
				CLANG_ENABLE_MODULES = YES;
				CLANG_ENABLE_OBJC_ARC = YES;
				CLANG_WARN_BOOL_CONVERSION = YES;
				CLANG_WARN_CONSTANT_CONVERSION = YES;
				CLANG_WARN_DIRECT_OBJC_ISA_USAGE = YES_ERROR;
				CLANG_WARN_EMPTY_BODY = YES;
				CLANG_WARN_ENUM_CONVERSION = YES;
				CLANG_WARN_INT_CONVERSION = YES;
				CLANG_WARN_OBJC_ROOT_CLASS = YES_ERROR;
				CLANG_WARN_UNREACHABLE_CODE = YES;
				CLANG_WARN__DUPLICATE_METHOD_MATCH = YES;
				CODE_SIGN_IDENTITY = "iPhone Developer";
				"CODE_SIGN_IDENTITY[sdk=iphoneos*]" = "iPhone Developer";
				COPY_PHASE_STRIP = NO;
				DEBUG_INFORMATION_FORMAT = dwarf;
				ENABLE_STRICT_OBJC_MSGSEND = YES;
				ENABLE_TESTABILITY = YES;
				GCC_C_LANGUAGE_STANDARD = gnu99;
				GCC_DYNAMIC_NO_PIC = NO;
				GCC_NO_COMMON_BLOCKS = YES;
				GCC_OPTIMIZATION_LEVEL = 0;
				GCC_PREPROCESSOR_DEFINITIONS = (
					"DEBUG=1",
					"$(inherited)",
				);
				GCC_WARN_64_TO_32_BIT_CONVERSION = YES;
				GCC_WARN_ABOUT_RETURN_TYPE = YES_ERROR;
				GCC_WARN_UNDECLARED_SELECTOR = YES;
				GCC_WARN_UNINITIALIZED_AUTOS = YES_AGGRESSIVE;
				GCC_WARN_UNUSED_FUNCTION = YES;
				GCC_WARN_UNUSED_VARIABLE = YES;
				HEADER_SEARCH_PATHS = "";
				IPHONEOS_DEPLOYMENT_TARGET = 9.0;
				MTL_ENABLE_DEBUG_INFO = YES;
				ONLY_ACTIVE_ARCH = YES;
				SDKROOT = iphoneos;
				SWIFT_OPTIMIZATION_LEVEL = "-Onone";
			};
			name = Debug;
		};
		DB587B811DA80468005D61BB /* Release */ = {
			isa = XCBuildConfiguration;
			buildSettings = {
				ALWAYS_SEARCH_USER_PATHS = NO;
				CLANG_CXX_LANGUAGE_STANDARD = "gnu++0x";
				CLANG_CXX_LIBRARY = "libc++";
				CLANG_ENABLE_MODULES = YES;
				CLANG_ENABLE_OBJC_ARC = YES;
				CLANG_WARN_BOOL_CONVERSION = YES;
				CLANG_WARN_CONSTANT_CONVERSION = YES;
				CLANG_WARN_DIRECT_OBJC_ISA_USAGE = YES_ERROR;
				CLANG_WARN_EMPTY_BODY = YES;
				CLANG_WARN_ENUM_CONVERSION = YES;
				CLANG_WARN_INT_CONVERSION = YES;
				CLANG_WARN_OBJC_ROOT_CLASS = YES_ERROR;
				CLANG_WARN_UNREACHABLE_CODE = YES;
				CLANG_WARN__DUPLICATE_METHOD_MATCH = YES;
				CODE_SIGN_IDENTITY = "iPhone Developer";
				"CODE_SIGN_IDENTITY[sdk=iphoneos*]" = "iPhone Developer";
				COPY_PHASE_STRIP = NO;
				DEBUG_INFORMATION_FORMAT = "dwarf-with-dsym";
				ENABLE_NS_ASSERTIONS = NO;
				ENABLE_STRICT_OBJC_MSGSEND = YES;
				GCC_C_LANGUAGE_STANDARD = gnu99;
				GCC_NO_COMMON_BLOCKS = YES;
				GCC_WARN_64_TO_32_BIT_CONVERSION = YES;
				GCC_WARN_ABOUT_RETURN_TYPE = YES_ERROR;
				GCC_WARN_UNDECLARED_SELECTOR = YES;
				GCC_WARN_UNINITIALIZED_AUTOS = YES_AGGRESSIVE;
				GCC_WARN_UNUSED_FUNCTION = YES;
				GCC_WARN_UNUSED_VARIABLE = YES;
				HEADER_SEARCH_PATHS = "";
				IPHONEOS_DEPLOYMENT_TARGET = 9.0;
				MTL_ENABLE_DEBUG_INFO = NO;
				SDKROOT = iphoneos;
				VALIDATE_PRODUCT = YES;
			};
			name = Release;
		};
		DB587B831DA80468005D61BB /* Debug */ = {
			isa = XCBuildConfiguration;
			baseConfigurationReference = A36B5CFD6F9653800715DAF5 /* Pods-Kairos.debug.xcconfig */;
			buildSettings = {
				ASSETCATALOG_COMPILER_APPICON_NAME = AppIcon;
				"CODE_SIGN_IDENTITY[sdk=iphoneos*]" = "iPhone Developer";
				DEVELOPMENT_TEAM = 23BHDPQ4LF;
				INFOPLIST_FILE = Kairos/Info.plist;
				LD_RUNPATH_SEARCH_PATHS = "$(inherited) @executable_path/Frameworks";
				PRODUCT_BUNDLE_IDENTIFIER = "BDP-Kevin.Kairos";
				PRODUCT_NAME = "$(TARGET_NAME)";
				SWIFT_VERSION = 3.0;
			};
			name = Debug;
		};
		DB587B841DA80468005D61BB /* Release */ = {
			isa = XCBuildConfiguration;
			baseConfigurationReference = 734855121C465C9EC72F85F4 /* Pods-Kairos.release.xcconfig */;
			buildSettings = {
				ASSETCATALOG_COMPILER_APPICON_NAME = AppIcon;
				"CODE_SIGN_IDENTITY[sdk=iphoneos*]" = "iPhone Developer";
				DEVELOPMENT_TEAM = 23BHDPQ4LF;
				INFOPLIST_FILE = Kairos/Info.plist;
				LD_RUNPATH_SEARCH_PATHS = "$(inherited) @executable_path/Frameworks";
				PRODUCT_BUNDLE_IDENTIFIER = "BDP-Kevin.Kairos";
				PRODUCT_NAME = "$(TARGET_NAME)";
				SWIFT_VERSION = 3.0;
			};
			name = Release;
		};
		DB587B861DA80468005D61BB /* Debug */ = {
			isa = XCBuildConfiguration;
			baseConfigurationReference = 73B376823AE0F518FC7DD51E /* Pods-KairosTests.debug.xcconfig */;
			buildSettings = {
				BUNDLE_LOADER = "$(TEST_HOST)";
				"CODE_SIGN_IDENTITY[sdk=iphoneos*]" = "iPhone Developer";
				DEVELOPMENT_TEAM = 23BHDPQ4LF;
				INFOPLIST_FILE = KairosTests/Info.plist;
				LD_RUNPATH_SEARCH_PATHS = "$(inherited) @executable_path/Frameworks @loader_path/Frameworks";
				PRODUCT_BUNDLE_IDENTIFIER = BDP.KairosTests;
				PRODUCT_NAME = "$(TARGET_NAME)";
				SWIFT_VERSION = 3.0;
				TEST_HOST = "$(BUILT_PRODUCTS_DIR)/Kairos.app/Kairos";
			};
			name = Debug;
		};
		DB587B871DA80468005D61BB /* Release */ = {
			isa = XCBuildConfiguration;
			baseConfigurationReference = F69A90852899038A1CCDB204 /* Pods-KairosTests.release.xcconfig */;
			buildSettings = {
				BUNDLE_LOADER = "$(TEST_HOST)";
				"CODE_SIGN_IDENTITY[sdk=iphoneos*]" = "iPhone Developer";
				DEVELOPMENT_TEAM = 23BHDPQ4LF;
				INFOPLIST_FILE = KairosTests/Info.plist;
				LD_RUNPATH_SEARCH_PATHS = "$(inherited) @executable_path/Frameworks @loader_path/Frameworks";
				PRODUCT_BUNDLE_IDENTIFIER = BDP.KairosTests;
				PRODUCT_NAME = "$(TARGET_NAME)";
				SWIFT_VERSION = 3.0;
				TEST_HOST = "$(BUILT_PRODUCTS_DIR)/Kairos.app/Kairos";
			};
			name = Release;
		};
		DB587B891DA80468005D61BB /* Debug */ = {
			isa = XCBuildConfiguration;
			baseConfigurationReference = C415490AB308A2172A78B3FB /* Pods-KairosUITests.debug.xcconfig */;
			buildSettings = {
				"CODE_SIGN_IDENTITY[sdk=iphoneos*]" = "iPhone Developer";
				DEVELOPMENT_TEAM = 23BHDPQ4LF;
				INFOPLIST_FILE = KairosUITests/Info.plist;
				LD_RUNPATH_SEARCH_PATHS = "$(inherited) @executable_path/Frameworks @loader_path/Frameworks";
				PRODUCT_BUNDLE_IDENTIFIER = BDP.KairosUITests;
				PRODUCT_NAME = "$(TARGET_NAME)";
				SWIFT_VERSION = 3.0;
				TEST_TARGET_NAME = Kairos;
				USES_XCTRUNNER = YES;
			};
			name = Debug;
		};
		DB587B8A1DA80468005D61BB /* Release */ = {
			isa = XCBuildConfiguration;
			baseConfigurationReference = 2EF655D122E05DE7534EC440 /* Pods-KairosUITests.release.xcconfig */;
			buildSettings = {
				"CODE_SIGN_IDENTITY[sdk=iphoneos*]" = "iPhone Developer";
				DEVELOPMENT_TEAM = 23BHDPQ4LF;
				INFOPLIST_FILE = KairosUITests/Info.plist;
				LD_RUNPATH_SEARCH_PATHS = "$(inherited) @executable_path/Frameworks @loader_path/Frameworks";
				PRODUCT_BUNDLE_IDENTIFIER = BDP.KairosUITests;
				PRODUCT_NAME = "$(TARGET_NAME)";
				SWIFT_VERSION = 3.0;
				TEST_TARGET_NAME = Kairos;
				USES_XCTRUNNER = YES;
			};
			name = Release;
		};
/* End XCBuildConfiguration section */

/* Begin XCConfigurationList section */
		DB587B551DA80467005D61BB /* Build configuration list for PBXProject "Kairos" */ = {
			isa = XCConfigurationList;
			buildConfigurations = (
				DB587B801DA80468005D61BB /* Debug */,
				DB587B811DA80468005D61BB /* Release */,
			);
			defaultConfigurationIsVisible = 0;
			defaultConfigurationName = Release;
		};
		DB587B821DA80468005D61BB /* Build configuration list for PBXNativeTarget "Kairos" */ = {
			isa = XCConfigurationList;
			buildConfigurations = (
				DB587B831DA80468005D61BB /* Debug */,
				DB587B841DA80468005D61BB /* Release */,
			);
			defaultConfigurationIsVisible = 0;
			defaultConfigurationName = Release;
		};
		DB587B851DA80468005D61BB /* Build configuration list for PBXNativeTarget "KairosTests" */ = {
			isa = XCConfigurationList;
			buildConfigurations = (
				DB587B861DA80468005D61BB /* Debug */,
				DB587B871DA80468005D61BB /* Release */,
			);
			defaultConfigurationIsVisible = 0;
			defaultConfigurationName = Release;
		};
		DB587B881DA80468005D61BB /* Build configuration list for PBXNativeTarget "KairosUITests" */ = {
			isa = XCConfigurationList;
			buildConfigurations = (
				DB587B891DA80468005D61BB /* Debug */,
				DB587B8A1DA80468005D61BB /* Release */,
			);
			defaultConfigurationIsVisible = 0;
			defaultConfigurationName = Release;
		};
/* End XCConfigurationList section */
	};
	rootObject = DB587B521DA80467005D61BB /* Project object */;
}
